
Microsoft Visual Studio Solution File, Format Version 12.00
# Visual Studio Version 17
VisualStudioVersion = 17.8.34511.84
MinimumVisualStudioVersion = 10.0.40219.1
Project("{F184B08F-C81C-45F6-A57F-5ABD9991F28F}") = "LoungeApp", "LoungeApp\LoungeApp.vbproj", "{FCB16770-C545-4644-A608-93AE80BBA329}"
EndProject
Global
	GlobalSection(SolutionConfigurationPlatforms) = preSolution
		Debug|Any CPU = Debug|Any CPU
		Release|Any CPU = Release|Any CPU
	EndGlobalSection
	GlobalSection(ProjectConfigurationPlatforms) = postSolution
		{FCB16770-C545-4644-A608-93AE80BBA329}.Debug|Any CPU.ActiveCfg = Debug|Any CPU
		{FCB16770-C545-4644-A608-93AE80BBA329}.Debug|Any CPU.Build.0 = Debug|Any CPU
		{FCB16770-C545-4644-A608-93AE80BBA329}.Release|Any CPU.ActiveCfg = Release|Any CPU
		{FCB16770-C545-4644-A608-93AE80BBA329}.Release|Any CPU.Build.0 = Release|Any CPU
	EndGlobalSection
	GlobalSection(SolutionProperties) = preSolution
		HideSolutionNode = FALSE
	EndGlobalSection
	GlobalSection(ExtensibilityGlobals) = postSolution
		SolutionGuid = {2047D3DA-39F8-4A79-A8A5-FDAD0ACFC7AD}
	EndGlobalSection
EndGlobal
